
Microsoft Visual Studio Solution File, Format Version 12.00
# Visual Studio Version 17
VisualStudioVersion = 17.7.34003.232
MinimumVisualStudioVersion = 10.0.40219.1
Project("{FAE04EC0-301F-11D3-BF4B-00C04F79EFBC}") = "MaxNetworkPathFindingAlgorithm", "MaxNetworkPathFindingAlgorithm\MaxNetworkPathFindingAlgorithm.csproj", "{EB90B156-EB6E-40C5-9E61-9034824617D7}"
EndProject
Project("{FAE04EC0-301F-11D3-BF4B-00C04F79EFBC}") = "TestConsole", "TestConsole\TestConsole.csproj", "{0D8B4D6B-EBC3-474A-8C6F-AB3A31DF7BC9}"
EndProject
Global
	GlobalSection(SolutionConfigurationPlatforms) = preSolution
		Debug|Any CPU = Debug|Any CPU
		Release|Any CPU = Release|Any CPU
	EndGlobalSection
	GlobalSection(ProjectConfigurationPlatforms) = postSolution
		{EB90B156-EB6E-40C5-9E61-9034824617D7}.Debug|Any CPU.ActiveCfg = Debug|Any CPU
		{EB90B156-EB6E-40C5-9E61-9034824617D7}.Debug|Any CPU.Build.0 = Debug|Any CPU
		{EB90B156-EB6E-40C5-9E61-9034824617D7}.Release|Any CPU.ActiveCfg = Release|Any CPU
		{EB90B156-EB6E-40C5-9E61-9034824617D7}.Release|Any CPU.Build.0 = Release|Any CPU
		{0D8B4D6B-EBC3-474A-8C6F-AB3A31DF7BC9}.Debug|Any CPU.ActiveCfg = Debug|Any CPU
		{0D8B4D6B-EBC3-474A-8C6F-AB3A31DF7BC9}.Debug|Any CPU.Build.0 = Debug|Any CPU
		{0D8B4D6B-EBC3-474A-8C6F-AB3A31DF7BC9}.Release|Any CPU.ActiveCfg = Release|Any CPU
		{0D8B4D6B-EBC3-474A-8C6F-AB3A31DF7BC9}.Release|Any CPU.Build.0 = Release|Any CPU
	EndGlobalSection
	GlobalSection(SolutionProperties) = preSolution
		HideSolutionNode = FALSE
	EndGlobalSection
	GlobalSection(ExtensibilityGlobals) = postSolution
		SolutionGuid = {4DE975A7-0D03-4A18-B087-79F6B7439EA6}
	EndGlobalSection
EndGlobal
